
Microsoft Visual Studio Solution File, Format Version 12.00
# Visual Studio 2013
VisualStudioVersion = 12.0.21005.1
MinimumVisualStudioVersion = 10.0.40219.1
Project("{FAE04EC0-301F-11D3-BF4B-00C04F79EFBC}") = "Robot_main", "Robot_main\Robot_main.csproj", "{47D8C3B4-1826-48C6-A958-06FECBF0EBDA}"
EndProject
Global
	GlobalSection(SolutionConfigurationPlatforms) = preSolution
		Debug|Any CPU = Debug|Any CPU
		Release|Any CPU = Release|Any CPU
	EndGlobalSection
	GlobalSection(ProjectConfigurationPlatforms) = postSolution
		{47D8C3B4-1826-48C6-A958-06FECBF0EBDA}.Debug|Any CPU.ActiveCfg = Debug|Any CPU
		{47D8C3B4-1826-48C6-A958-06FECBF0EBDA}.Debug|Any CPU.Build.0 = Debug|Any CPU
		{47D8C3B4-1826-48C6-A958-06FECBF0EBDA}.Release|Any CPU.ActiveCfg = Release|Any CPU
		{47D8C3B4-1826-48C6-A958-06FECBF0EBDA}.Release|Any CPU.Build.0 = Release|Any CPU
	EndGlobalSection
	GlobalSection(SolutionProperties) = preSolution
		HideSolutionNode = FALSE
	EndGlobalSection
EndGlobal
